
Microsoft Visual Studio Solution File, Format Version 12.00
# Visual Studio 14
VisualStudioVersion = 14.0.24720.0
MinimumVisualStudioVersion = 10.0.40219.1
Project("{FAE04EC0-301F-11D3-BF4B-00C04F79EFBC}") = "LDraw", "LDraw\LDraw.csproj", "{B5091254-EE34-4EDE-BC21-14CBD85DC84F}"
EndProject
Project("{FAE04EC0-301F-11D3-BF4B-00C04F79EFBC}") = "TestConsole", "TestConsole\TestConsole.csproj", "{B6199E0F-A42F-4326-BF74-1999CCB26440}"
EndProject
Global
	GlobalSection(SolutionConfigurationPlatforms) = preSolution
		Debug|Any CPU = Debug|Any CPU
		Release|Any CPU = Release|Any CPU
	EndGlobalSection
	GlobalSection(ProjectConfigurationPlatforms) = postSolution
		{B5091254-EE34-4EDE-BC21-14CBD85DC84F}.Debug|Any CPU.ActiveCfg = Debug|Any CPU
		{B5091254-EE34-4EDE-BC21-14CBD85DC84F}.Debug|Any CPU.Build.0 = Debug|Any CPU
		{B5091254-EE34-4EDE-BC21-14CBD85DC84F}.Release|Any CPU.ActiveCfg = Release|Any CPU
		{B5091254-EE34-4EDE-BC21-14CBD85DC84F}.Release|Any CPU.Build.0 = Release|Any CPU
		{B6199E0F-A42F-4326-BF74-1999CCB26440}.Debug|Any CPU.ActiveCfg = Debug|Any CPU
		{B6199E0F-A42F-4326-BF74-1999CCB26440}.Debug|Any CPU.Build.0 = Debug|Any CPU
		{B6199E0F-A42F-4326-BF74-1999CCB26440}.Release|Any CPU.ActiveCfg = Release|Any CPU
		{B6199E0F-A42F-4326-BF74-1999CCB26440}.Release|Any CPU.Build.0 = Release|Any CPU
	EndGlobalSection
	GlobalSection(SolutionProperties) = preSolution
		HideSolutionNode = FALSE
	EndGlobalSection
EndGlobal
